# This file is automatically @generated by Poetry 1.8.3 and should not be changed by hand.

[[package]]
name = "dnspython"
version = "2.6.1"
description = "DNS toolkit"
optional = false
python-versions = ">=3.8"
files = [
    {file = "dnspython-2.6.1-py3-none-any.whl", hash = "sha256:5ef3b9680161f6fa89daf8ad451b5f1a33b18ae8a1c6778cdf4b43f08c0a6e50"},
    {file = "dnspython-2.6.1.tar.gz", hash = "sha256:e8f0f9c23a7b7cb99ded64e6c3a6f3e701d78f50c55e002b839dea7225cff7cc"},
]

[package.extras]
dev = ["black (>=23.1.0)", "coverage (>=7.0)", "flake8 (>=7)", "mypy (>=1.8)", "pylint (>=3)", "pytest (>=7.4)", "pytest-cov (>=4.1.0)", "sphinx (>=7.2.0)", "twine (>=4.0.0)", "wheel (>=0.42.0)"]
dnssec = ["cryptography (>=41)"]
doh = ["h2 (>=4.1.0)", "httpcore (>=1.0.0)", "httpx (>=0.26.0)"]
doq = ["aioquic (>=0.9.25)"]
idna = ["idna (>=3.6)"]
trio = ["trio (>=0.23)"]
wmi = ["wmi (>=1.5.1)"]

[[package]]
name = "faiss-cpu"
version = "1.8.0.post1"
description = "A library for efficient similarity search and clustering of dense vectors."
optional = false
python-versions = ">=3.8"
files = [
    {file = "faiss_cpu-1.8.0.post1-cp310-cp310-macosx_10_14_x86_64.whl", hash = "sha256:fd84721eb599aa1da19b1b36345bb8705a60bb1d2887bbbc395a29e3d36a1a62"},
    {file = "faiss_cpu-1.8.0.post1-cp310-cp310-macosx_11_0_arm64.whl", hash = "sha256:b78ff9079d15fd0f156bf5dd8a2975a8abffac1854a86ece263eec1500a2e836"},
    {file = "faiss_cpu-1.8.0.post1-cp310-cp310-manylinux_2_17_aarch64.manylinux2014_aarch64.whl", hash = "sha256:9de25c943d1789e35fe06a20884c88cd32aedbb1a33bb8da2238cdea7bd9633f"},
    {file = "faiss_cpu-1.8.0.post1-cp310-cp310-manylinux_2_17_x86_64.manylinux2014_x86_64.whl", hash = "sha256:adae0f1b144e7216da696f14bc4991ca4300c94baaa59247c3d322588e661c95"},
    {file = "faiss_cpu-1.8.0.post1-cp310-cp310-win_amd64.whl", hash = "sha256:00345290680a444a4b4cb2d98a3844bb5c401a2160fee547c7631d759fd2ec3e"},
    {file = "faiss_cpu-1.8.0.post1-cp311-cp311-macosx_10_14_x86_64.whl", hash = "sha256:8d4bade10cb63e9f9ff261751edd7eb097b1f4bf30be4d0d25d6f688559d795e"},
    {file = "faiss_cpu-1.8.0.post1-cp311-cp311-macosx_11_0_arm64.whl", hash = "sha256:20bd43eca3b7d77e71ea56b7a558cc28e900d8abff417eb285e2d92e95d934d4"},
    {file = "faiss_cpu-1.8.0.post1-cp311-cp311-manylinux_2_17_aarch64.manylinux2014_aarch64.whl", hash = "sha256:8542a87743a7f94ac656fd3e9592ad57e58b04d961ad2fe654a22a8ca59defdb"},
    {file = "faiss_cpu-1.8.0.post1-cp311-cp311-manylinux_2_17_x86_64.manylinux2014_x86_64.whl", hash = "sha256:ed46928de3dc20170b10fec89c54075a11383c2aaf4f119c63e0f6ae5a507d74"},
    {file = "faiss_cpu-1.8.0.post1-cp311-cp311-win_amd64.whl", hash = "sha256:4fa5fc8ea210b919aa469e27d6687e50052db906e7fec3f2257178b1384fa18b"},
    {file = "faiss_cpu-1.8.0.post1-cp312-cp312-macosx_10_14_x86_64.whl", hash = "sha256:96aec0d08a3099883af3a9b6356cfe736e8bd879318a940a27e9d1ae6f33d788"},
    {file = "faiss_cpu-1.8.0.post1-cp312-cp312-macosx_11_0_arm64.whl", hash = "sha256:92b06147fa84732ecdc965922e8ef50dc7011ef8be65821ff4abb2118cb5dce0"},
    {file = "faiss_cpu-1.8.0.post1-cp312-cp312-manylinux_2_17_aarch64.manylinux2014_aarch64.whl", hash = "sha256:709ef9394d1148aef70dbe890edbde8c282a4a2e06a8b69ab64f65e90f5ba572"},
    {file = "faiss_cpu-1.8.0.post1-cp312-cp312-manylinux_2_17_x86_64.manylinux2014_x86_64.whl", hash = "sha256:327a9c30971bf72cd8392b15eb4aff5d898c453212eae656dfaa3ba555b9ca0c"},
    {file = "faiss_cpu-1.8.0.post1-cp312-cp312-win_amd64.whl", hash = "sha256:8756f1d93faba56349883fa2f5d47fe36bb2f11f789200c6b1c691ef805485f2"},
    {file = "faiss_cpu-1.8.0.post1-cp38-cp38-macosx_10_14_x86_64.whl", hash = "sha256:f4a3045909c447bf1955b70083891e80f2c87c5427f20cae25245e08ec5c9e52"},
    {file = "faiss_cpu-1.8.0.post1-cp38-cp38-macosx_11_0_arm64.whl", hash = "sha256:8842b7fc921ca1fafdb0845f2ba029e79df04eebae72ab135239f93478a9b7a2"},
    {file = "faiss_cpu-1.8.0.post1-cp38-cp38-manylinux_2_17_aarch64.manylinux2014_aarch64.whl", hash = "sha256:9d5a9799634e32c3862d5436d1e78112ed9a38f319e4523f5916e55d86adda8f"},
    {file = "faiss_cpu-1.8.0.post1-cp38-cp38-manylinux_2_17_x86_64.manylinux2014_x86_64.whl", hash = "sha256:2a70923b0fbbb40f647e20bcbcbfd472277e6d84bb23ff12d2a94b6841806b55"},
    {file = "faiss_cpu-1.8.0.post1-cp38-cp38-win_amd64.whl", hash = "sha256:ce652df3c4dd50c88ac9235d072f30ce60694dc422c5f523bbbcab320e8f3097"},
    {file = "faiss_cpu-1.8.0.post1-cp39-cp39-macosx_10_14_x86_64.whl", hash = "sha256:83ef04b17b19189dd6601a941bdf4bfa9de0740dbcd80305aeba51a1b1955f80"},
    {file = "faiss_cpu-1.8.0.post1-cp39-cp39-macosx_11_0_arm64.whl", hash = "sha256:c50c8697077470ede7f1939ef8dc8a846ec19cf1893b543f6b67f9af03b0a122"},
    {file = "faiss_cpu-1.8.0.post1-cp39-cp39-manylinux_2_17_aarch64.manylinux2014_aarch64.whl", hash = "sha256:98ce428a7a67fe5c64047280e5e12a8dbdecf7002f9d127b26cf1db354e9fe76"},
    {file = "faiss_cpu-1.8.0.post1-cp39-cp39-manylinux_2_17_x86_64.manylinux2014_x86_64.whl", hash = "sha256:5f3b36b80380bae523e3198cfb4a137867055945ce7bf10d18fe9f0284f2fb47"},
    {file = "faiss_cpu-1.8.0.post1-cp39-cp39-win_amd64.whl", hash = "sha256:4fcc67a2353f08a20c1ab955de3cde14ef3b447761b26244a5aa849c15cbc9b3"},
    {file = "faiss_cpu-1.8.0.post1.tar.gz", hash = "sha256:5686af34414678c3d49c4fa8d774df7156e9cb48d7029071e56230e74b01cc13"},
]

[package.dependencies]
numpy = ">=1.0,<2.0"
packaging = "*"

[[package]]
name = "numpy"
version = "1.26.4"
description = "Fundamental package for array computing in Python"
optional = false
python-versions = ">=3.9"
files = [
    {file = "numpy-1.26.4-cp310-cp310-macosx_10_9_x86_64.whl", hash = "sha256:9ff0f4f29c51e2803569d7a51c2304de5554655a60c5d776e35b4a41413830d0"},
    {file = "numpy-1.26.4-cp310-cp310-macosx_11_0_arm64.whl", hash = "sha256:2e4ee3380d6de9c9ec04745830fd9e2eccb3e6cf790d39d7b98ffd19b0dd754a"},
    {file = "numpy-1.26.4-cp310-cp310-manylinux_2_17_aarch64.manylinux2014_aarch64.whl", hash = "sha256:d209d8969599b27ad20994c8e41936ee0964e6da07478d6c35016bc386b66ad4"},
    {file = "numpy-1.26.4-cp310-cp310-manylinux_2_17_x86_64.manylinux2014_x86_64.whl", hash = "sha256:ffa75af20b44f8dba823498024771d5ac50620e6915abac414251bd971b4529f"},
    {file = "numpy-1.26.4-cp310-cp310-musllinux_1_1_aarch64.whl", hash = "sha256:62b8e4b1e28009ef2846b4c7852046736bab361f7aeadeb6a5b89ebec3c7055a"},
    {file = "numpy-1.26.4-cp310-cp310-musllinux_1_1_x86_64.whl", hash = "sha256:a4abb4f9001ad2858e7ac189089c42178fcce737e4169dc61321660f1a96c7d2"},
    {file = "numpy-1.26.4-cp310-cp310-win32.whl", hash = "sha256:bfe25acf8b437eb2a8b2d49d443800a5f18508cd811fea3181723922a8a82b07"},
    {file = "numpy-1.26.4-cp310-cp310-win_amd64.whl", hash = "sha256:b97fe8060236edf3662adfc2c633f56a08ae30560c56310562cb4f95500022d5"},
    {file = "numpy-1.26.4-cp311-cp311-macosx_10_9_x86_64.whl", hash = "sha256:4c66707fabe114439db9068ee468c26bbdf909cac0fb58686a42a24de1760c71"},
    {file = "numpy-1.26.4-cp311-cp311-macosx_11_0_arm64.whl", hash = "sha256:edd8b5fe47dab091176d21bb6de568acdd906d1887a4584a15a9a96a1dca06ef"},
    {file = "numpy-1.26.4-cp311-cp311-manylinux_2_17_aarch64.manylinux2014_aarch64.whl", hash = "sha256:7ab55401287bfec946ced39700c053796e7cc0e3acbef09993a9ad2adba6ca6e"},
    {file = "numpy-1.26.4-cp311-cp311-manylinux_2_17_x86_64.manylinux2014_x86_64.whl", hash = "sha256:666dbfb6ec68962c033a450943ded891bed2d54e6755e35e5835d63f4f6931d5"},
    {file = "numpy-1.26.4-cp311-cp311-musllinux_1_1_aarch64.whl", hash = "sha256:96ff0b2ad353d8f990b63294c8986f1ec3cb19d749234014f4e7eb0112ceba5a"},
    {file = "numpy-1.26.4-cp311-cp311-musllinux_1_1_x86_64.whl", hash = "sha256:60dedbb91afcbfdc9bc0b1f3f402804070deed7392c23eb7a7f07fa857868e8a"},
    {file = "numpy-1.26.4-cp311-cp311-win32.whl", hash = "sha256:1af303d6b2210eb850fcf03064d364652b7120803a0b872f5211f5234b399f20"},
    {file = "numpy-1.26.4-cp311-cp311-win_amd64.whl", hash = "sha256:cd25bcecc4974d09257ffcd1f098ee778f7834c3ad767fe5db785be9a4aa9cb2"},
    {file = "numpy-1.26.4-cp312-cp312-macosx_10_9_x86_64.whl", hash = "sha256:b3ce300f3644fb06443ee2222c2201dd3a89ea6040541412b8fa189341847218"},
    {file = "numpy-1.26.4-cp312-cp312-macosx_11_0_arm64.whl", hash = "sha256:03a8c78d01d9781b28a6989f6fa1bb2c4f2d51201cf99d3dd875df6fbd96b23b"},
    {file = "numpy-1.26.4-cp312-cp312-manylinux_2_17_aarch64.manylinux2014_aarch64.whl", hash = "sha256:9fad7dcb1aac3c7f0584a5a8133e3a43eeb2fe127f47e3632d43d677c66c102b"},
    {file = "numpy-1.26.4-cp312-cp312-manylinux_2_17_x86_64.manylinux2014_x86_64.whl", hash = "sha256:675d61ffbfa78604709862923189bad94014bef562cc35cf61d3a07bba02a7ed"},
    {file = "numpy-1.26.4-cp312-cp312-musllinux_1_1_aarch64.whl", hash = "sha256:ab47dbe5cc8210f55aa58e4805fe224dac469cde56b9f731a4c098b91917159a"},
    {file = "numpy-1.26.4-cp312-cp312-musllinux_1_1_x86_64.whl", hash = "sha256:1dda2e7b4ec9dd512f84935c5f126c8bd8b9f2fc001e9f54af255e8c5f16b0e0"},
    {file = "numpy-1.26.4-cp312-cp312-win32.whl", hash = "sha256:50193e430acfc1346175fcbdaa28ffec49947a06918b7b92130744e81e640110"},
    {file = "numpy-1.26.4-cp312-cp312-win_amd64.whl", hash = "sha256:08beddf13648eb95f8d867350f6a018a4be2e5ad54c8d8caed89ebca558b2818"},
    {file = "numpy-1.26.4-cp39-cp39-macosx_10_9_x86_64.whl", hash = "sha256:7349ab0fa0c429c82442a27a9673fc802ffdb7c7775fad780226cb234965e53c"},
    {file = "numpy-1.26.4-cp39-cp39-macosx_11_0_arm64.whl", hash = "sha256:52b8b60467cd7dd1e9ed082188b4e6bb35aa5cdd01777621a1658910745b90be"},
    {file = "numpy-1.26.4-cp39-cp39-manylinux_2_17_aarch64.manylinux2014_aarch64.whl", hash = "sha256:d5241e0a80d808d70546c697135da2c613f30e28251ff8307eb72ba696945764"},
    {file = "numpy-1.26.4-cp39-cp39-manylinux_2_17_x86_64.manylinux2014_x86_64.whl", hash = "sha256:f870204a840a60da0b12273ef34f7051e98c3b5961b61b0c2c1be6dfd64fbcd3"},
    {file = "numpy-1.26.4-cp39-cp39-musllinux_1_1_aarch64.whl", hash = "sha256:679b0076f67ecc0138fd2ede3a8fd196dddc2ad3254069bcb9faf9a79b1cebcd"},
    {file = "numpy-1.26.4-cp39-cp39-musllinux_1_1_x86_64.whl", hash = "sha256:47711010ad8555514b434df65f7d7b076bb8261df1ca9bb78f53d3b2db02e95c"},
    {file = "numpy-1.26.4-cp39-cp39-win32.whl", hash = "sha256:a354325ee03388678242a4d7ebcd08b5c727033fcff3b2f536aea978e15ee9e6"},
    {file = "numpy-1.26.4-cp39-cp39-win_amd64.whl", hash = "sha256:3373d5d70a5fe74a2c1bb6d2cfd9609ecf686d47a2d7b1d37a8f3b6bf6003aea"},
    {file = "numpy-1.26.4-pp39-pypy39_pp73-macosx_10_9_x86_64.whl", hash = "sha256:afedb719a9dcfc7eaf2287b839d8198e06dcd4cb5d276a3df279231138e83d30"},
    {file = "numpy-1.26.4-pp39-pypy39_pp73-manylinux_2_17_x86_64.manylinux2014_x86_64.whl", hash = "sha256:95a7476c59002f2f6c590b9b7b998306fba6a5aa646b1e22ddfeaf8f78c3a29c"},
    {file = "numpy-1.26.4-pp39-pypy39_pp73-win_amd64.whl", hash = "sha256:7e50d0a0cc3189f9cb0aeb3a6a6af18c16f59f004b866cd2be1c14b36134a4a0"},
    {file = "numpy-1.26.4.tar.gz", hash = "sha256:2a02aba9ed12e4ac4eb3ea9421c420301a0c6460d9830d74a9df87efa4912010"},
]

[[package]]
name = "packaging"
version = "24.1"
description = "Core utilities for Python packages"
optional = false
python-versions = ">=3.8"
files = [
    {file = "packaging-24.1-py3-none-any.whl", hash = "sha256:5b8f2217dbdbd2f7f384c41c628544e6d52f2d0f53c6d0c3ea61aa5d1d7ff124"},
    {file = "packaging-24.1.tar.gz", hash = "sha256:026ed72c8ed3fcce5bf8950572258698927fd1dbda10a5e981cdf0ac37f4f002"},
]

[[package]]
name = "pymongo"
version = "4.10.1"
description = "Python driver for MongoDB <http://www.mongodb.org>"
optional = false
python-versions = ">=3.8"
files = [
    {file = "pymongo-4.10.1-cp310-cp310-macosx_10_9_x86_64.whl", hash = "sha256:e699aa68c4a7dea2ab5a27067f7d3e08555f8d2c0dc6a0c8c60cfd9ff2e6a4b1"},
    {file = "pymongo-4.10.1-cp310-cp310-macosx_11_0_arm64.whl", hash = "sha256:70645abc714f06b4ad6b72d5bf73792eaad14e3a2cfe29c62a9c81ada69d9e4b"},
    {file = "pymongo-4.10.1-cp310-cp310-manylinux_2_17_aarch64.manylinux2014_aarch64.whl", hash = "sha256:ae2fd94c9fe048c94838badcc6e992d033cb9473eb31e5710b3707cba5e8aee2"},
    {file = "pymongo-4.10.1-cp310-cp310-manylinux_2_17_ppc64le.manylinux2014_ppc64le.whl", hash = "sha256:5ded27a4a5374dae03a92e084a60cdbcecd595306555bda553b833baf3fc4868"},
    {file = "pymongo-4.10.1-cp310-cp310-manylinux_2_17_s390x.manylinux2014_s390x.whl", hash = "sha256:1ecc2455e3974a6c429687b395a0bc59636f2d6aedf5785098cf4e1f180f1c71"},
    {file = "pymongo-4.10.1-cp310-cp310-manylinux_2_17_x86_64.manylinux2014_x86_64.whl", hash = "sha256:a920fee41f7d0259f5f72c1f1eb331bc26ffbdc952846f9bd8c3b119013bb52c"},
    {file = "pymongo-4.10.1-cp310-cp310-manylinux_2_5_i686.manylinux1_i686.manylinux_2_17_i686.manylinux2014_i686.whl", hash = "sha256:e0a15665b2d6cf364f4cd114d62452ce01d71abfbd9c564ba8c74dcd7bbd6822"},
    {file = "pymongo-4.10.1-cp310-cp310-win32.whl", hash = "sha256:29e1c323c28a4584b7095378ff046815e39ff82cdb8dc4cc6dfe3acf6f9ad1f8"},
    {file = "pymongo-4.10.1-cp310-cp310-win_amd64.whl", hash = "sha256:88dc4aa45f8744ccfb45164aedb9a4179c93567bbd98a33109d7dc400b00eb08"},
    {file = "pymongo-4.10.1-cp311-cp311-macosx_10_9_x86_64.whl", hash = "sha256:57ee6becae534e6d47848c97f6a6dff69e3cce7c70648d6049bd586764febe59"},
    {file = "pymongo-4.10.1-cp311-cp311-macosx_11_0_arm64.whl", hash = "sha256:6f437a612f4d4f7aca1812311b1e84477145e950fdafe3285b687ab8c52541f3"},
    {file = "pymongo-4.10.1-cp311-cp311-manylinux_2_17_aarch64.manylinux2014_aarch64.whl", hash = "sha256:1a970fd3117ab40a4001c3dad333bbf3c43687d90f35287a6237149b5ccae61d"},
    {file = "pymongo-4.10.1-cp311-cp311-manylinux_2_17_ppc64le.manylinux2014_ppc64le.whl", hash = "sha256:7c4d0e7cd08ef9f8fbf2d15ba281ed55604368a32752e476250724c3ce36c72e"},
    {file = "pymongo-4.10.1-cp311-cp311-manylinux_2_17_s390x.manylinux2014_s390x.whl", hash = "sha256:ca6f700cff6833de4872a4e738f43123db34400173558b558ae079b5535857a4"},
    {file = "pymongo-4.10.1-cp311-cp311-manylinux_2_17_x86_64.manylinux2014_x86_64.whl", hash = "sha256:cec237c305fcbeef75c0bcbe9d223d1e22a6e3ba1b53b2f0b79d3d29c742b45b"},
    {file = "pymongo-4.10.1-cp311-cp311-manylinux_2_5_i686.manylinux1_i686.manylinux_2_17_i686.manylinux2014_i686.whl", hash = "sha256:b3337804ea0394a06e916add4e5fac1c89902f1b6f33936074a12505cab4ff05"},
    {file = "pymongo-4.10.1-cp311-cp311-win32.whl", hash = "sha256:778ac646ce6ac1e469664062dfe9ae1f5c9961f7790682809f5ec3b8fda29d65"},
    {file = "pymongo-4.10.1-cp311-cp311-win_amd64.whl", hash = "sha256:9df4ab5594fdd208dcba81be815fa8a8a5d8dedaf3b346cbf8b61c7296246a7a"},
    {file = "pymongo-4.10.1-cp312-cp312-macosx_10_13_x86_64.whl", hash = "sha256:fbedc4617faa0edf423621bb0b3b8707836687161210d470e69a4184be9ca011"},
    {file = "pymongo-4.10.1-cp312-cp312-macosx_11_0_arm64.whl", hash = "sha256:7bd26b2aec8ceeb95a5d948d5cc0f62b0eb6d66f3f4230705c1e3d3d2c04ec76"},
    {file = "pymongo-4.10.1-cp312-cp312-manylinux_2_17_aarch64.manylinux2014_aarch64.whl", hash = "sha256:fb104c3c2a78d9d85571c8ac90ec4f95bca9b297c6eee5ada71fabf1129e1674"},
    {file = "pymongo-4.10.1-cp312-cp312-manylinux_2_17_ppc64le.manylinux2014_ppc64le.whl", hash = "sha256:4924355245a9c79f77b5cda2db36e0f75ece5faf9f84d16014c0a297f6d66786"},
    {file = "pymongo-4.10.1-cp312-cp312-manylinux_2_17_s390x.manylinux2014_s390x.whl", hash = "sha256:11280809e5dacaef4971113f0b4ff4696ee94cfdb720019ff4fa4f9635138252"},
    {file = "pymongo-4.10.1-cp312-cp312-manylinux_2_17_x86_64.manylinux2014_x86_64.whl", hash = "sha256:e5d55f2a82e5eb23795f724991cac2bffbb1c0f219c0ba3bf73a835f97f1bb2e"},
    {file = "pymongo-4.10.1-cp312-cp312-manylinux_2_5_i686.manylinux1_i686.manylinux_2_17_i686.manylinux2014_i686.whl", hash = "sha256:e974ab16a60be71a8dfad4e5afccf8dd05d41c758060f5d5bda9a758605d9a5d"},
    {file = "pymongo-4.10.1-cp312-cp312-win32.whl", hash = "sha256:544890085d9641f271d4f7a47684450ed4a7344d6b72d5968bfae32203b1bb7c"},
    {file = "pymongo-4.10.1-cp312-cp312-win_amd64.whl", hash = "sha256:dcc07b1277e8b4bf4d7382ca133850e323b7ab048b8353af496d050671c7ac52"},
    {file = "pymongo-4.10.1-cp313-cp313-macosx_10_13_x86_64.whl", hash = "sha256:90bc6912948dfc8c363f4ead54d54a02a15a7fee6cfafb36dc450fc8962d2cb7"},
    {file = "pymongo-4.10.1-cp313-cp313-macosx_11_0_arm64.whl", hash = "sha256:594dd721b81f301f33e843453638e02d92f63c198358e5a0fa8b8d0b1218dabc"},
    {file = "pymongo-4.10.1-cp313-cp313-manylinux_2_17_aarch64.manylinux2014_aarch64.whl", hash = "sha256:0783e0c8e95397c84e9cf8ab092ab1e5dd7c769aec0ef3a5838ae7173b98dea0"},
    {file = "pymongo-4.10.1-cp313-cp313-manylinux_2_17_ppc64le.manylinux2014_ppc64le.whl", hash = "sha256:6fb6a72e88df46d1c1040fd32cd2d2c5e58722e5d3e31060a0393f04ad3283de"},
    {file = "pymongo-4.10.1-cp313-cp313-manylinux_2_17_s390x.manylinux2014_s390x.whl", hash = "sha256:2e3a593333e20c87415420a4fb76c00b7aae49b6361d2e2205b6fece0563bf40"},
    {file = "pymongo-4.10.1-cp313-cp313-manylinux_2_17_x86_64.manylinux2014_x86_64.whl", hash = "sha256:72e2ace7456167c71cfeca7dcb47bd5dceda7db2231265b80fc625c5e8073186"},
    {file = "pymongo-4.10.1-cp313-cp313-manylinux_2_5_i686.manylinux1_i686.manylinux_2_17_i686.manylinux2014_i686.whl", hash = "sha256:8ad05eb9c97e4f589ed9e74a00fcaac0d443ccd14f38d1258eb4c39a35dd722b"},
    {file = "pymongo-4.10.1-cp313-cp313-win32.whl", hash = "sha256:ee4c86d8e6872a61f7888fc96577b0ea165eb3bdb0d841962b444fa36001e2bb"},
    {file = "pymongo-4.10.1-cp313-cp313-win_amd64.whl", hash = "sha256:45ee87a4e12337353242bc758accc7fb47a2f2d9ecc0382a61e64c8f01e86708"},
    {file = "pymongo-4.10.1-cp38-cp38-macosx_10_9_x86_64.whl", hash = "sha256:442ca247f53ad24870a01e80a71cd81b3f2318655fd9d66748ee2bd1b1569d9e"},
    {file = "pymongo-4.10.1-cp38-cp38-macosx_11_0_arm64.whl", hash = "sha256:23e1d62df5592518204943b507be7b457fb8a4ad95a349440406fd42db5d0923"},
    {file = "pymongo-4.10.1-cp38-cp38-manylinux_2_17_aarch64.manylinux2014_aarch64.whl", hash = "sha256:6131bc6568b26e7495a9f3ef2b1700566b76bbecd919f4472bfe90038a61f425"},
    {file = "pymongo-4.10.1-cp38-cp38-manylinux_2_17_ppc64le.manylinux2014_ppc64le.whl", hash = "sha256:fdeba88c540c9ed0338c0b2062d9f81af42b18d6646b3e6dda05cf6edd46ada9"},
    {file = "pymongo-4.10.1-cp38-cp38-manylinux_2_17_s390x.manylinux2014_s390x.whl", hash = "sha256:15a624d752dd3c89d10deb0ef6431559b6d074703cab90a70bb849ece02adc6b"},
    {file = "pymongo-4.10.1-cp38-cp38-manylinux_2_17_x86_64.manylinux2014_x86_64.whl", hash = "sha256:ba164e73fdade9b4614a2497321c5b7512ddf749ed508950bdecc28d8d76a2d9"},
    {file = "pymongo-4.10.1-cp38-cp38-manylinux_2_5_i686.manylinux1_i686.manylinux_2_17_i686.manylinux2014_i686.whl", hash = "sha256:9235fa319993405ae5505bf1333366388add2e06848db7b3deee8f990b69808e"},
    {file = "pymongo-4.10.1-cp38-cp38-manylinux_2_5_i686.manylinux1_i686.whl", hash = "sha256:e4a65567bd17d19f03157c7ec992c6530eafd8191a4e5ede25566792c4fe3fa2"},
    {file = "pymongo-4.10.1-cp38-cp38-manylinux_2_5_x86_64.manylinux1_x86_64.whl", hash = "sha256:f1945d48fb9b8a87d515da07f37e5b2c35b364a435f534c122e92747881f4a7c"},
    {file = "pymongo-4.10.1-cp38-cp38-win32.whl", hash = "sha256:345f8d340802ebce509f49d5833cc913da40c82f2e0daf9f60149cacc9ca680f"},
    {file = "pymongo-4.10.1-cp38-cp38-win_amd64.whl", hash = "sha256:3a70d5efdc0387ac8cd50f9a5f379648ecfc322d14ec9e1ba8ec957e5d08c372"},
    {file = "pymongo-4.10.1-cp39-cp39-macosx_10_9_x86_64.whl", hash = "sha256:15b1492cc5c7cd260229590be7218261e81684b8da6d6de2660cf743445500ce"},
    {file = "pymongo-4.10.1-cp39-cp39-macosx_11_0_arm64.whl", hash = "sha256:95207503c41b97e7ecc7e596d84a61f441b4935f11aa8332828a754e7ada8c82"},
    {file = "pymongo-4.10.1-cp39-cp39-manylinux_2_17_aarch64.manylinux2014_aarch64.whl", hash = "sha256:bb99f003c720c6d83be02c8f1a7787c22384a8ca9a4181e406174db47a048619"},
    {file = "pymongo-4.10.1-cp39-cp39-manylinux_2_17_ppc64le.manylinux2014_ppc64le.whl", hash = "sha256:f2bc1ee4b1ca2c4e7e6b7a5e892126335ec8d9215bcd3ac2fe075870fefc3358"},
    {file = "pymongo-4.10.1-cp39-cp39-manylinux_2_17_s390x.manylinux2014_s390x.whl", hash = "sha256:93a0833c10a967effcd823b4e7445ec491f0bf6da5de0ca33629c0528f42b748"},
    {file = "pymongo-4.10.1-cp39-cp39-manylinux_2_17_x86_64.manylinux2014_x86_64.whl", hash = "sha256:0f56707497323150bd2ed5d63067f4ffce940d0549d4ea2dfae180deec7f9363"},
    {file = "pymongo-4.10.1-cp39-cp39-manylinux_2_5_i686.manylinux1_i686.manylinux_2_17_i686.manylinux2014_i686.whl", hash = "sha256:409ab7d6c4223e5c85881697f365239dd3ed1b58f28e4124b846d9d488c86880"},
    {file = "pymongo-4.10.1-cp39-cp39-manylinux_2_5_i686.manylinux1_i686.whl", hash = "sha256:dac78a650dc0637d610905fd06b5fa6419ae9028cf4d04d6a2657bc18a66bbce"},
    {file = "pymongo-4.10.1-cp39-cp39-manylinux_2_5_x86_64.manylinux1_x86_64.whl", hash = "sha256:1ec3fa88b541e0481aff3c35194c9fac96e4d57ec5d1c122376000eb28c01431"},
    {file = "pymongo-4.10.1-cp39-cp39-win32.whl", hash = "sha256:e0e961923a7b8a1c801c43552dcb8153e45afa41749d9efbd3a6d33f45489f7a"},
    {file = "pymongo-4.10.1-cp39-cp39-win_amd64.whl", hash = "sha256:dabe8bf1ad644e6b93f3acf90ff18536d94538ca4d27e583c6db49889e98e48f"},
    {file = "pymongo-4.10.1.tar.gz", hash = "sha256:a9de02be53b6bb98efe0b9eda84ffa1ec027fcb23a2de62c4f941d9a2f2f3330"},
]

[package.dependencies]
dnspython = ">=1.16.0,<3.0.0"

[package.extras]
aws = ["pymongo-auth-aws (>=1.1.0,<2.0.0)"]
docs = ["furo (==2023.9.10)", "readthedocs-sphinx-search (>=0.3,<1.0)", "sphinx (>=5.3,<8)", "sphinx-autobuild (>=2020.9.1)", "sphinx-rtd-theme (>=2,<3)", "sphinxcontrib-shellcheck (>=1,<2)"]
encryption = ["certifi", "pymongo-auth-aws (>=1.1.0,<2.0.0)", "pymongocrypt (>=1.10.0,<2.0.0)"]
gssapi = ["pykerberos", "winkerberos (>=0.5.0)"]
ocsp = ["certifi", "cryptography (>=2.5)", "pyopenssl (>=17.2.0)", "requests (<3.0.0)", "service-identity (>=18.1.0)"]
snappy = ["python-snappy"]
test = ["pytest (>=8.2)", "pytest-asyncio (>=0.24.0)"]
zstd = ["zstandard"]

[metadata]
lock-version = "2.0"
python-versions = "^3.9"
content-hash = "8dc708e69709e1ae6a2fa27958b8ec715986145f317d15345c690ba134f25355"
